
Microsoft Visual Studio Solution File, Format Version 12.00
# Visual Studio 14
VisualStudioVersion = 14.0.25123.0
MinimumVisualStudioVersion = 10.0.40219.1
Project("{FAE04EC0-301F-11D3-BF4B-00C04F79EFBC}") = "Driver.Net.Infrastructure", "Driver.Net.Infrastructure\Driver.Net.Infrastructure.csproj", "{3C8CF4E9-E123-448E-8522-8F8E75B67748}"
EndProject
Project("{FAE04EC0-301F-11D3-BF4B-00C04F79EFBC}") = "Driver.Net.ConsoleApp", "Driver.Net.ConsoleApp\Driver.Net.ConsoleApp.csproj", "{5CA4F8C7-9508-475C-8996-A48F7B7A54F7}"
EndProject
Global
	GlobalSection(SolutionConfigurationPlatforms) = preSolution
		Debug|Any CPU = Debug|Any CPU
		Release|Any CPU = Release|Any CPU
	EndGlobalSection
	GlobalSection(ProjectConfigurationPlatforms) = postSolution
		{3C8CF4E9-E123-448E-8522-8F8E75B67748}.Debug|Any CPU.ActiveCfg = Debug|Any CPU
		{3C8CF4E9-E123-448E-8522-8F8E75B67748}.Debug|Any CPU.Build.0 = Debug|Any CPU
		{3C8CF4E9-E123-448E-8522-8F8E75B67748}.Release|Any CPU.ActiveCfg = Release|Any CPU
		{3C8CF4E9-E123-448E-8522-8F8E75B67748}.Release|Any CPU.Build.0 = Release|Any CPU
		{5CA4F8C7-9508-475C-8996-A48F7B7A54F7}.Debug|Any CPU.ActiveCfg = Debug|Any CPU
		{5CA4F8C7-9508-475C-8996-A48F7B7A54F7}.Debug|Any CPU.Build.0 = Debug|Any CPU
		{5CA4F8C7-9508-475C-8996-A48F7B7A54F7}.Release|Any CPU.ActiveCfg = Release|Any CPU
		{5CA4F8C7-9508-475C-8996-A48F7B7A54F7}.Release|Any CPU.Build.0 = Release|Any CPU
	EndGlobalSection
	GlobalSection(SolutionProperties) = preSolution
		HideSolutionNode = FALSE
	EndGlobalSection
EndGlobal
